<?xml version="1.0" encoding="utf-8"?>
<Project ToolsVersion="4.0" xmlns="http://schemas.microsoft.com/developer/msbuild/2003">
  <ItemGroup>
    <Filter Include="Source Files">
      <UniqueIdentifier>{4FC737F1-C7A5-4376-A066-2A32D752A2FF}</UniqueIdentifier>
      <Extensions>qml;cpp;c;cc;cxx;def;odl;idl;hpj;bat;asm;asmx</Extensions>
    </Filter>
    <Filter Include="Header Files">
      <UniqueIdentifier>{93995380-89BD-4b04-88EB-625FBE52EBFB}</UniqueIdentifier>
      <Extensions>h;hh;hpp;hxx;hm;inl;inc;xsd</Extensions>
    </Filter>
    <Filter Include="Resource Files">
      <UniqueIdentifier>{67DA6AB6-F800-4c08-8B7A-83BB121AAD01}</UniqueIdentifier>
      <Extensions>qrc;rc;ico;cur;bmp;dlg;rc2;rct;bin;rgs;gif;jpg;jpeg;jpe;resx;tiff;tif;png;wav;mfcribbon-ms</Extensions>
    </Filter>
    <Filter Include="Form Files">
      <UniqueIdentifier>{99349809-55BA-4b9d-BF79-8FDBB0286EB3}</UniqueIdentifier>
      <Extensions>ui</Extensions>
    </Filter>
    <Filter Include="Header Files\Component">
      <UniqueIdentifier>{57d511b9-d101-42da-a49d-1ae9756bd59a}</UniqueIdentifier>
    </Filter>
    <Filter Include="Source Files\Component">
      <UniqueIdentifier>{2d8f1aaa-d19a-4328-b8fc-d19b9a7a70cf}</UniqueIdentifier>
    </Filter>
    <Filter Include="Form Files\Component">
      <UniqueIdentifier>{4bee7476-93b3-4396-b739-720e06026c55}</UniqueIdentifier>
    </Filter>
  </ItemGroup>
  <ItemGroup>
    <ClCompile Include="main.cpp">
      <Filter>Source Files</Filter>
    </ClCompile>
    <ClCompile Include="mainwidget.cpp">
      <Filter>Source Files</Filter>
    </ClCompile>
    <ClCompile Include="Component\downloadsoft.cpp">
      <Filter>Source Files\Component</Filter>
    </ClCompile>
    <ClCompile Include="Component\http.cpp">
      <Filter>Source Files\Component</Filter>
    </ClCompile>
    <ClCompile Include="Component\leftsidebarbutton.cpp">
      <Filter>Source Files\Component</Filter>
    </ClCompile>
    <ClCompile Include="Component\mainfrom.cpp">
      <Filter>Source Files\Component</Filter>
    </ClCompile>
    <ClCompile Include="Component\multithreaddownload.cpp">
      <Filter>Source Files\Component</Filter>
    </ClCompile>
    <ClCompile Include="Component\musicPlayer\mymusicplayer.cpp">
      <Filter>Source Files\Component</Filter>
    </ClCompile>
  </ItemGroup>
  <ItemGroup>
    <QtUic Include="mainwidget.ui">
      <Filter>Form Files</Filter>
    </QtUic>
    <QtUic Include="Component\downloadsoft.ui">
      <Filter>Form Files\Component</Filter>
    </QtUic>
    <QtUic Include="Component\leftsidebarbutton.ui">
      <Filter>Form Files\Component</Filter>
    </QtUic>
    <QtUic Include="Component\mainfrom.ui">
      <Filter>Form Files\Component</Filter>
    </QtUic>
    <QtUic Include="Component\musicPlayer\myMusicPlayer.ui">
      <Filter>Form Files\Component</Filter>
    </QtUic>
  </ItemGroup>
  <ItemGroup>
    <QtRcc Include="resource.qrc">
      <Filter>Resource Files</Filter>
    </QtRcc>
  </ItemGroup>
  <ItemGroup>
    <Image Include="source\png\1.jpg">
      <Filter>Resource Files</Filter>
    </Image>
    <Image Include="source\png\last.png">
      <Filter>Resource Files</Filter>
    </Image>
    <Image Include="source\png\next.png">
      <Filter>Resource Files</Filter>
    </Image>
    <Image Include="source\png\pause.png">
      <Filter>Resource Files</Filter>
    </Image>
    <Image Include="source\png\start.png">
      <Filter>Resource Files</Filter>
    </Image>
    <Image Include="source\png\transparent.png">
      <Filter>Resource Files</Filter>
    </Image>
  </ItemGroup>
  <ItemGroup>
    <QtMoc Include="mainwidget.h">
      <Filter>Header Files</Filter>
    </QtMoc>
    <QtMoc Include="Component\http.h">
      <Filter>Header Files\Component</Filter>
    </QtMoc>
    <QtMoc Include="Component\downloadsoft.h">
      <Filter>Header Files\Component</Filter>
    </QtMoc>
    <QtMoc Include="Component\mainfrom.h">
      <Filter>Header Files\Component</Filter>
    </QtMoc>
    <QtMoc Include="Component\multithreaddownload.h">
      <Filter>Header Files\Component</Filter>
    </QtMoc>
    <QtMoc Include="Component\leftsidebarbutton.h">
      <Filter>Header Files\Component</Filter>
    </QtMoc>
    <QtMoc Include="Component\musicPlayer\mymusicplayer.h">
      <Filter>Header Files\Component</Filter>
    </QtMoc>
  </ItemGroup>
  <ItemGroup>
    <None Include="myStyle.qss">
      <Filter>Resource Files</Filter>
    </None>
  </ItemGroup>
</Project>